
Microsoft Visual Studio Solution File, Format Version 12.00
# Visual Studio Version 18
VisualStudioVersion = 18.3.11222.16 d18.3
MinimumVisualStudioVersion = 10.0.40219.1
Project("{FAE04EC0-301F-11D3-BF4B-00C04F79EFBC}") = "APIIntegration", "APIIntegration.csproj", "{089700B7-4FF9-48A9-92DD-C0AEA72BF318}"
EndProject
Global
	GlobalSection(SolutionConfigurationPlatforms) = preSolution
		Debug|Any CPU = Debug|Any CPU
		Release|Any CPU = Release|Any CPU
	EndGlobalSection
	GlobalSection(ProjectConfigurationPlatforms) = postSolution
		{089700B7-4FF9-48A9-92DD-C0AEA72BF318}.Debug|Any CPU.ActiveCfg = Debug|Any CPU
		{089700B7-4FF9-48A9-92DD-C0AEA72BF318}.Debug|Any CPU.Build.0 = Debug|Any CPU
		{089700B7-4FF9-48A9-92DD-C0AEA72BF318}.Release|Any CPU.ActiveCfg = Release|Any CPU
		{089700B7-4FF9-48A9-92DD-C0AEA72BF318}.Release|Any CPU.Build.0 = Release|Any CPU
	EndGlobalSection
	GlobalSection(SolutionProperties) = preSolution
		HideSolutionNode = FALSE
	EndGlobalSection
	GlobalSection(ExtensibilityGlobals) = postSolution
		SolutionGuid = {F244970D-53AD-445D-AC4F-507ADB2E850C}
	EndGlobalSection
EndGlobal
